
Microsoft Visual Studio Solution File, Format Version 12.00
# Visual Studio 2015
Project("{FAE04EC0-301F-11D3-BF4B-00C04F79EFBC}") = "GiantGamePrototype - Tester.Plugins", "GiantGamePrototype - Tester.Plugins.csproj", "{D00D277E-3B11-B54A-0380-B46C75D533FE}"
EndProject
Project("{FAE04EC0-301F-11D3-BF4B-00C04F79EFBC}") = "GiantGamePrototype - Tester", "GiantGamePrototype - Tester.csproj", "{50AC08A1-FF6B-0414-7F28-0CC9A4220A6E}"
EndProject
Project("{FAE04EC0-301F-11D3-BF4B-00C04F79EFBC}") = "GiantGamePrototype - Tester.Editor.Plugins", "GiantGamePrototype - Tester.Editor.Plugins.csproj", "{E82F9ABD-2E39-576E-193A-9A59530AA11B}"
EndProject
Global
	GlobalSection(SolutionConfigurationPlatforms) = preSolution
		Debug|Any CPU = Debug|Any CPU
		Release|Any CPU = Release|Any CPU
	EndGlobalSection
	GlobalSection(ProjectConfigurationPlatforms) = postSolution
		{D00D277E-3B11-B54A-0380-B46C75D533FE}.Debug|Any CPU.ActiveCfg = Debug|Any CPU
		{D00D277E-3B11-B54A-0380-B46C75D533FE}.Debug|Any CPU.Build.0 = Debug|Any CPU
		{D00D277E-3B11-B54A-0380-B46C75D533FE}.Release|Any CPU.ActiveCfg = Release|Any CPU
		{D00D277E-3B11-B54A-0380-B46C75D533FE}.Release|Any CPU.Build.0 = Release|Any CPU
		{50AC08A1-FF6B-0414-7F28-0CC9A4220A6E}.Debug|Any CPU.ActiveCfg = Debug|Any CPU
		{50AC08A1-FF6B-0414-7F28-0CC9A4220A6E}.Debug|Any CPU.Build.0 = Debug|Any CPU
		{50AC08A1-FF6B-0414-7F28-0CC9A4220A6E}.Release|Any CPU.ActiveCfg = Release|Any CPU
		{50AC08A1-FF6B-0414-7F28-0CC9A4220A6E}.Release|Any CPU.Build.0 = Release|Any CPU
		{E82F9ABD-2E39-576E-193A-9A59530AA11B}.Debug|Any CPU.ActiveCfg = Debug|Any CPU
		{E82F9ABD-2E39-576E-193A-9A59530AA11B}.Debug|Any CPU.Build.0 = Debug|Any CPU
		{E82F9ABD-2E39-576E-193A-9A59530AA11B}.Release|Any CPU.ActiveCfg = Release|Any CPU
		{E82F9ABD-2E39-576E-193A-9A59530AA11B}.Release|Any CPU.Build.0 = Release|Any CPU
	EndGlobalSection
	GlobalSection(SolutionProperties) = preSolution
		HideSolutionNode = FALSE
	EndGlobalSection
EndGlobal
